
Microsoft Visual Studio Solution File, Format Version 12.00
# Visual Studio Version 17
VisualStudioVersion = 17.10.35027.167
MinimumVisualStudioVersion = 10.0.40219.1
Project("{9A19103F-16F7-4668-BE54-9A1E7A4F7556}") = "MapGenTest", "MapGenTest\MapGenTest.csproj", "{82CD32D3-966A-4F8A-877B-0E715079BB61}"
EndProject
Project("{9A19103F-16F7-4668-BE54-9A1E7A4F7556}") = "PMDC", "PMDC\PMDC.csproj", "{BBF77001-98E9-4FCD-90FB-626B555CE418}"
EndProject
Project("{9A19103F-16F7-4668-BE54-9A1E7A4F7556}") = "FNA.Core", "RogueEssence\FNA\FNA.Core.csproj", "{F389D7D7-2CF5-4A79-8E0E-3E75BC21F665}"
EndProject
Project("{9A19103F-16F7-4668-BE54-9A1E7A4F7556}") = "RogueEssence", "RogueEssence\RogueEssence\RogueEssence.csproj", "{F22CC8D0-B26B-458E-9F6E-A3AC20A57827}"
EndProject
Project("{9A19103F-16F7-4668-BE54-9A1E7A4F7556}") = "RogueElements", "RogueEssence\RogueElements\RogueElements\RogueElements.csproj", "{A777BC3D-2635-401D-96D7-162178D8DFC4}"
EndProject
Project("{9A19103F-16F7-4668-BE54-9A1E7A4F7556}") = "WaypointServer", "RogueEssence\WaypointServer\WaypointServer.csproj", "{E7F9BD44-2223-4D92-9C68-EF03618F4304}"
EndProject
Project("{9A19103F-16F7-4668-BE54-9A1E7A4F7556}") = "RogueEssence.Editor.Avalonia", "RogueEssence\RogueEssence.Editor.Avalonia\RogueEssence.Editor.Avalonia.csproj", "{19EA5DE7-8AB7-400F-BFCA-29759D758963}"
EndProject
Project("{9A19103F-16F7-4668-BE54-9A1E7A4F7556}") = "NLua.net6.0", "RogueEssence\NLua\build\net6.0\NLua.net6.0.csproj", "{B9E406F5-72E3-4B65-97CD-79A7A9FA574F}"
EndProject
Project("{9A19103F-16F7-4668-BE54-9A1E7A4F7556}") = "KeraLua.net6.0", "RogueEssence\NLua\KeraLua\build\net6.0\KeraLua.net6.0.csproj", "{D067E316-FBE3-4E98-99F6-0B15D997770A}"
EndProject
Global
	GlobalSection(SolutionConfigurationPlatforms) = preSolution
		Debug|Any CPU = Debug|Any CPU
		Release|Any CPU = Release|Any CPU
	EndGlobalSection
	GlobalSection(ProjectConfigurationPlatforms) = postSolution
		{82CD32D3-966A-4F8A-877B-0E715079BB61}.Debug|Any CPU.ActiveCfg = Debug|Any CPU
		{82CD32D3-966A-4F8A-877B-0E715079BB61}.Debug|Any CPU.Build.0 = Debug|Any CPU
		{82CD32D3-966A-4F8A-877B-0E715079BB61}.Release|Any CPU.ActiveCfg = Release|Any CPU
		{82CD32D3-966A-4F8A-877B-0E715079BB61}.Release|Any CPU.Build.0 = Release|Any CPU
		{BBF77001-98E9-4FCD-90FB-626B555CE418}.Debug|Any CPU.ActiveCfg = Debug|Any CPU
		{BBF77001-98E9-4FCD-90FB-626B555CE418}.Debug|Any CPU.Build.0 = Debug|Any CPU
		{BBF77001-98E9-4FCD-90FB-626B555CE418}.Release|Any CPU.ActiveCfg = Release|Any CPU
		{BBF77001-98E9-4FCD-90FB-626B555CE418}.Release|Any CPU.Build.0 = Release|Any CPU
		{F389D7D7-2CF5-4A79-8E0E-3E75BC21F665}.Debug|Any CPU.ActiveCfg = Debug|Any CPU
		{F389D7D7-2CF5-4A79-8E0E-3E75BC21F665}.Debug|Any CPU.Build.0 = Debug|Any CPU
		{F389D7D7-2CF5-4A79-8E0E-3E75BC21F665}.Release|Any CPU.ActiveCfg = Release|Any CPU
		{F389D7D7-2CF5-4A79-8E0E-3E75BC21F665}.Release|Any CPU.Build.0 = Release|Any CPU
		{F22CC8D0-B26B-458E-9F6E-A3AC20A57827}.Debug|Any CPU.ActiveCfg = Debug|Any CPU
		{F22CC8D0-B26B-458E-9F6E-A3AC20A57827}.Debug|Any CPU.Build.0 = Debug|Any CPU
		{F22CC8D0-B26B-458E-9F6E-A3AC20A57827}.Release|Any CPU.ActiveCfg = Release|Any CPU
		{F22CC8D0-B26B-458E-9F6E-A3AC20A57827}.Release|Any CPU.Build.0 = Release|Any CPU
		{A777BC3D-2635-401D-96D7-162178D8DFC4}.Debug|Any CPU.ActiveCfg = Debug|Any CPU
		{A777BC3D-2635-401D-96D7-162178D8DFC4}.Debug|Any CPU.Build.0 = Debug|Any CPU
		{A777BC3D-2635-401D-96D7-162178D8DFC4}.Release|Any CPU.ActiveCfg = Release|Any CPU
		{A777BC3D-2635-401D-96D7-162178D8DFC4}.Release|Any CPU.Build.0 = Release|Any CPU
		{E7F9BD44-2223-4D92-9C68-EF03618F4304}.Debug|Any CPU.ActiveCfg = Debug|Any CPU
		{E7F9BD44-2223-4D92-9C68-EF03618F4304}.Debug|Any CPU.Build.0 = Debug|Any CPU
		{E7F9BD44-2223-4D92-9C68-EF03618F4304}.Release|Any CPU.ActiveCfg = Release|Any CPU
		{E7F9BD44-2223-4D92-9C68-EF03618F4304}.Release|Any CPU.Build.0 = Release|Any CPU
		{19EA5DE7-8AB7-400F-BFCA-29759D758963}.Debug|Any CPU.ActiveCfg = Debug|Any CPU
		{19EA5DE7-8AB7-400F-BFCA-29759D758963}.Debug|Any CPU.Build.0 = Debug|Any CPU
		{19EA5DE7-8AB7-400F-BFCA-29759D758963}.Release|Any CPU.ActiveCfg = Release|Any CPU
		{19EA5DE7-8AB7-400F-BFCA-29759D758963}.Release|Any CPU.Build.0 = Release|Any CPU
		{B9E406F5-72E3-4B65-97CD-79A7A9FA574F}.Debug|Any CPU.ActiveCfg = Debug|Any CPU
		{B9E406F5-72E3-4B65-97CD-79A7A9FA574F}.Debug|Any CPU.Build.0 = Debug|Any CPU
		{B9E406F5-72E3-4B65-97CD-79A7A9FA574F}.Release|Any CPU.ActiveCfg = Release|Any CPU
		{B9E406F5-72E3-4B65-97CD-79A7A9FA574F}.Release|Any CPU.Build.0 = Release|Any CPU
		{D067E316-FBE3-4E98-99F6-0B15D997770A}.Debug|Any CPU.ActiveCfg = Debug|Any CPU
		{D067E316-FBE3-4E98-99F6-0B15D997770A}.Debug|Any CPU.Build.0 = Debug|Any CPU
		{D067E316-FBE3-4E98-99F6-0B15D997770A}.Release|Any CPU.ActiveCfg = Release|Any CPU
		{D067E316-FBE3-4E98-99F6-0B15D997770A}.Release|Any CPU.Build.0 = Release|Any CPU
	EndGlobalSection
	GlobalSection(SolutionProperties) = preSolution
		HideSolutionNode = FALSE
	EndGlobalSection
	GlobalSection(ExtensibilityGlobals) = postSolution
		SolutionGuid = {2286E0FF-D727-4EBD-B375-BCB4DF86784B}
	EndGlobalSection
	GlobalSection(SharedMSBuildProjectFiles) = preSolution
		RogueEssence\NLua\src\NLua.Shared.projitems*{b9e406f5-72e3-4b65-97cd-79a7a9fa574f}*SharedItemsImports = 5
		RogueEssence\NLua\KeraLua\src\KeraLua.Core.projitems*{d067e316-fbe3-4e98-99f6-0b15d997770a}*SharedItemsImports = 5
	EndGlobalSection
EndGlobal
